
Microsoft Visual Studio Solution File, Format Version 12.00
# Visual Studio 15
VisualStudioVersion = 15.0.26124.0
MinimumVisualStudioVersion = 15.0.26124.0
Project("{2150E333-8FDC-42A3-9474-1A3956D46DE8}") = "src", "src", "{8A0C42CD-224B-4253-885F-9088BB3493FA}"
EndProject
Project("{F2A71F9B-5D33-465A-A702-920D77279786}") = "Chapters", "src\Chapters\Chapters.fsproj", "{DB7320A2-41C7-47C5-AEAF-68C60C0ECC0C}"
EndProject
Project("{F2A71F9B-5D33-465A-A702-920D77279786}") = "OrderTaking", "src\OrderTaking\OrderTaking.fsproj", "{DCC550D0-CBDA-4B69-9C88-29243E21E2D7}"
EndProject
Project("{F2A71F9B-5D33-465A-A702-920D77279786}") = "OrderTakingEvolved", "src\OrderTakingEvolved\OrderTakingEvolved.fsproj", "{7905A885-5616-4347-9A03-2EF2003A9163}"
EndProject
Global
	GlobalSection(SolutionConfigurationPlatforms) = preSolution
		Debug|Any CPU = Debug|Any CPU
		Debug|x64 = Debug|x64
		Debug|x86 = Debug|x86
		Release|Any CPU = Release|Any CPU
		Release|x64 = Release|x64
		Release|x86 = Release|x86
	EndGlobalSection
	GlobalSection(SolutionProperties) = preSolution
		HideSolutionNode = FALSE
	EndGlobalSection
	GlobalSection(ProjectConfigurationPlatforms) = postSolution
		{DB7320A2-41C7-47C5-AEAF-68C60C0ECC0C}.Debug|Any CPU.ActiveCfg = Debug|Any CPU
		{DB7320A2-41C7-47C5-AEAF-68C60C0ECC0C}.Debug|Any CPU.Build.0 = Debug|Any CPU
		{DB7320A2-41C7-47C5-AEAF-68C60C0ECC0C}.Debug|x64.ActiveCfg = Debug|Any CPU
		{DB7320A2-41C7-47C5-AEAF-68C60C0ECC0C}.Debug|x64.Build.0 = Debug|Any CPU
		{DB7320A2-41C7-47C5-AEAF-68C60C0ECC0C}.Debug|x86.ActiveCfg = Debug|Any CPU
		{DB7320A2-41C7-47C5-AEAF-68C60C0ECC0C}.Debug|x86.Build.0 = Debug|Any CPU
		{DB7320A2-41C7-47C5-AEAF-68C60C0ECC0C}.Release|Any CPU.ActiveCfg = Release|Any CPU
		{DB7320A2-41C7-47C5-AEAF-68C60C0ECC0C}.Release|Any CPU.Build.0 = Release|Any CPU
		{DB7320A2-41C7-47C5-AEAF-68C60C0ECC0C}.Release|x64.ActiveCfg = Release|Any CPU
		{DB7320A2-41C7-47C5-AEAF-68C60C0ECC0C}.Release|x64.Build.0 = Release|Any CPU
		{DB7320A2-41C7-47C5-AEAF-68C60C0ECC0C}.Release|x86.ActiveCfg = Release|Any CPU
		{DB7320A2-41C7-47C5-AEAF-68C60C0ECC0C}.Release|x86.Build.0 = Release|Any CPU
		{DCC550D0-CBDA-4B69-9C88-29243E21E2D7}.Debug|Any CPU.ActiveCfg = Debug|Any CPU
		{DCC550D0-CBDA-4B69-9C88-29243E21E2D7}.Debug|Any CPU.Build.0 = Debug|Any CPU
		{DCC550D0-CBDA-4B69-9C88-29243E21E2D7}.Debug|x64.ActiveCfg = Debug|Any CPU
		{DCC550D0-CBDA-4B69-9C88-29243E21E2D7}.Debug|x64.Build.0 = Debug|Any CPU
		{DCC550D0-CBDA-4B69-9C88-29243E21E2D7}.Debug|x86.ActiveCfg = Debug|Any CPU
		{DCC550D0-CBDA-4B69-9C88-29243E21E2D7}.Debug|x86.Build.0 = Debug|Any CPU
		{DCC550D0-CBDA-4B69-9C88-29243E21E2D7}.Release|Any CPU.ActiveCfg = Release|Any CPU
		{DCC550D0-CBDA-4B69-9C88-29243E21E2D7}.Release|Any CPU.Build.0 = Release|Any CPU
		{DCC550D0-CBDA-4B69-9C88-29243E21E2D7}.Release|x64.ActiveCfg = Release|Any CPU
		{DCC550D0-CBDA-4B69-9C88-29243E21E2D7}.Release|x64.Build.0 = Release|Any CPU
		{DCC550D0-CBDA-4B69-9C88-29243E21E2D7}.Release|x86.ActiveCfg = Release|Any CPU
		{DCC550D0-CBDA-4B69-9C88-29243E21E2D7}.Release|x86.Build.0 = Release|Any CPU
		{7905A885-5616-4347-9A03-2EF2003A9163}.Debug|Any CPU.ActiveCfg = Debug|Any CPU
		{7905A885-5616-4347-9A03-2EF2003A9163}.Debug|Any CPU.Build.0 = Debug|Any CPU
		{7905A885-5616-4347-9A03-2EF2003A9163}.Debug|x64.ActiveCfg = Debug|Any CPU
		{7905A885-5616-4347-9A03-2EF2003A9163}.Debug|x64.Build.0 = Debug|Any CPU
		{7905A885-5616-4347-9A03-2EF2003A9163}.Debug|x86.ActiveCfg = Debug|Any CPU
		{7905A885-5616-4347-9A03-2EF2003A9163}.Debug|x86.Build.0 = Debug|Any CPU
		{7905A885-5616-4347-9A03-2EF2003A9163}.Release|Any CPU.ActiveCfg = Release|Any CPU
		{7905A885-5616-4347-9A03-2EF2003A9163}.Release|Any CPU.Build.0 = Release|Any CPU
		{7905A885-5616-4347-9A03-2EF2003A9163}.Release|x64.ActiveCfg = Release|Any CPU
		{7905A885-5616-4347-9A03-2EF2003A9163}.Release|x64.Build.0 = Release|Any CPU
		{7905A885-5616-4347-9A03-2EF2003A9163}.Release|x86.ActiveCfg = Release|Any CPU
		{7905A885-5616-4347-9A03-2EF2003A9163}.Release|x86.Build.0 = Release|Any CPU
	EndGlobalSection
	GlobalSection(NestedProjects) = preSolution
		{DB7320A2-41C7-47C5-AEAF-68C60C0ECC0C} = {8A0C42CD-224B-4253-885F-9088BB3493FA}
		{DCC550D0-CBDA-4B69-9C88-29243E21E2D7} = {8A0C42CD-224B-4253-885F-9088BB3493FA}
		{7905A885-5616-4347-9A03-2EF2003A9163} = {8A0C42CD-224B-4253-885F-9088BB3493FA}
	EndGlobalSection
EndGlobal
